
Microsoft Visual Studio Solution File, Format Version 12.00
# Visual Studio Version 17
VisualStudioVersion = 17.0.31912.275
MinimumVisualStudioVersion = 10.0.40219.1
Project("{FAE04EC0-301F-11D3-BF4B-00C04F79EFBC}") = "StackOverflow", "StackOverflow\StackOverflow.csproj", "{5389C347-E96B-4D81-A86C-FAC6E1E5BD8A}"
EndProject
Global
	GlobalSection(SolutionConfigurationPlatforms) = preSolution
		Debug|Any CPU = Debug|Any CPU
		Release|Any CPU = Release|Any CPU
	EndGlobalSection
	GlobalSection(ProjectConfigurationPlatforms) = postSolution
		{5389C347-E96B-4D81-A86C-FAC6E1E5BD8A}.Debug|Any CPU.ActiveCfg = Debug|Any CPU
		{5389C347-E96B-4D81-A86C-FAC6E1E5BD8A}.Debug|Any CPU.Build.0 = Debug|Any CPU
		{5389C347-E96B-4D81-A86C-FAC6E1E5BD8A}.Release|Any CPU.ActiveCfg = Release|Any CPU
		{5389C347-E96B-4D81-A86C-FAC6E1E5BD8A}.Release|Any CPU.Build.0 = Release|Any CPU
	EndGlobalSection
	GlobalSection(SolutionProperties) = preSolution
		HideSolutionNode = FALSE
	EndGlobalSection
	GlobalSection(ExtensibilityGlobals) = postSolution
		SolutionGuid = {8FD2BE68-0FC9-4B91-9AEF-3C9BFB556395}
	EndGlobalSection
EndGlobal
